
Microsoft Visual Studio Solution File, Format Version 12.00
# Visual Studio Version 16
VisualStudioVersion = 16.0.31112.23
MinimumVisualStudioVersion = 10.0.40219.1
Project("{FAE04EC0-301F-11D3-BF4B-00C04F79EFBC}") = "OsuSharp.Abstractions", "OsuSharp.Abstractions\OsuSharp.Abstractions.csproj", "{3AD44A20-2482-4621-B54C-A8C71FC337C2}"
EndProject
Project("{FAE04EC0-301F-11D3-BF4B-00C04F79EFBC}") = "OsuSharp.Bancho", "OsuSharp.Bancho\OsuSharp.Bancho.csproj", "{D70D155A-F427-4B46-846E-ABD40D66F129}"
EndProject
Project("{FAE04EC0-301F-11D3-BF4B-00C04F79EFBC}") = "OsuSharp.Abstraction.Tests", "OsuSharp.Abstraction.Tests\OsuSharp.Abstraction.Tests.csproj", "{1E6AE759-1474-49F2-A06B-942AB98A162C}"
EndProject
Global
	GlobalSection(SolutionConfigurationPlatforms) = preSolution
		Debug|Any CPU = Debug|Any CPU
		Release|Any CPU = Release|Any CPU
	EndGlobalSection
	GlobalSection(ProjectConfigurationPlatforms) = postSolution
		{3AD44A20-2482-4621-B54C-A8C71FC337C2}.Debug|Any CPU.ActiveCfg = Debug|Any CPU
		{3AD44A20-2482-4621-B54C-A8C71FC337C2}.Debug|Any CPU.Build.0 = Debug|Any CPU
		{3AD44A20-2482-4621-B54C-A8C71FC337C2}.Release|Any CPU.ActiveCfg = Release|Any CPU
		{3AD44A20-2482-4621-B54C-A8C71FC337C2}.Release|Any CPU.Build.0 = Release|Any CPU
		{D70D155A-F427-4B46-846E-ABD40D66F129}.Debug|Any CPU.ActiveCfg = Debug|Any CPU
		{D70D155A-F427-4B46-846E-ABD40D66F129}.Debug|Any CPU.Build.0 = Debug|Any CPU
		{D70D155A-F427-4B46-846E-ABD40D66F129}.Release|Any CPU.ActiveCfg = Release|Any CPU
		{D70D155A-F427-4B46-846E-ABD40D66F129}.Release|Any CPU.Build.0 = Release|Any CPU
		{1E6AE759-1474-49F2-A06B-942AB98A162C}.Debug|Any CPU.ActiveCfg = Debug|Any CPU
		{1E6AE759-1474-49F2-A06B-942AB98A162C}.Debug|Any CPU.Build.0 = Debug|Any CPU
		{1E6AE759-1474-49F2-A06B-942AB98A162C}.Release|Any CPU.ActiveCfg = Release|Any CPU
		{1E6AE759-1474-49F2-A06B-942AB98A162C}.Release|Any CPU.Build.0 = Release|Any CPU
	EndGlobalSection
	GlobalSection(SolutionProperties) = preSolution
		HideSolutionNode = FALSE
	EndGlobalSection
	GlobalSection(ExtensibilityGlobals) = postSolution
		SolutionGuid = {1D64076C-2FB6-478C-B5FF-5C7268C0E2F4}
	EndGlobalSection
EndGlobal
